
Microsoft Visual Studio Solution File, Format Version 12.00
# Visual Studio Version 16
VisualStudioVersion = 16.0.30225.117
MinimumVisualStudioVersion = 10.0.40219.1
Project("{FAE04EC0-301F-11D3-BF4B-00C04F79EFBC}") = "World yachts", "World yachts\World yachts.csproj", "{89C8FDF7-2D1F-489A-80A0-4DBF5F8A95F8}"
EndProject
Global
	GlobalSection(SolutionConfigurationPlatforms) = preSolution
		Debug|Any CPU = Debug|Any CPU
		Release|Any CPU = Release|Any CPU
	EndGlobalSection
	GlobalSection(ProjectConfigurationPlatforms) = postSolution
		{89C8FDF7-2D1F-489A-80A0-4DBF5F8A95F8}.Debug|Any CPU.ActiveCfg = Debug|Any CPU
		{89C8FDF7-2D1F-489A-80A0-4DBF5F8A95F8}.Debug|Any CPU.Build.0 = Debug|Any CPU
		{89C8FDF7-2D1F-489A-80A0-4DBF5F8A95F8}.Release|Any CPU.ActiveCfg = Release|Any CPU
		{89C8FDF7-2D1F-489A-80A0-4DBF5F8A95F8}.Release|Any CPU.Build.0 = Release|Any CPU
	EndGlobalSection
	GlobalSection(SolutionProperties) = preSolution
		HideSolutionNode = FALSE
	EndGlobalSection
	GlobalSection(ExtensibilityGlobals) = postSolution
		SolutionGuid = {C0D37C8E-2620-413A-A430-CB9D6A728446}
	EndGlobalSection
EndGlobal
